{
  "name": "@shoaibaftabtech/icons",
  "version": "1.0.0",
  "lockfileVersion": 3,
  "requires": true,
  "packages": {
    "": {
      "name": "@shoaibaftabtech/icons",
      "version": "1.0.0",
      "license": "MIT",
      "devDependencies": {
        "clean-css": "^5.3.3",
        "lucide-static": "^1.14.0",
        "simple-icons": "^16.18.1"
      }
    },
    "node_modules/clean-css": {
      "version": "5.3.3",
      "resolved": "https://registry.npmjs.org/clean-css/-/clean-css-5.3.3.tgz",
      "integrity": "sha512-D5J+kHaVb/wKSFcyyV75uCn8fiY4sV38XJoe4CUyGQ+mOU/fMVYUdH1hJC+CJQ5uY3EnW27SbJYS4X8BiLrAFg==",
      "dev": true,
      "license": "MIT",
      "dependencies": {
        "source-map": "~0.6.0"
      },
      "engines": {
        "node": ">= 10.0"
      }
    },
    "node_modules/lucide-static": {
      "version": "1.14.0",
      "resolved": "https://registry.npmjs.org/lucide-static/-/lucide-static-1.14.0.tgz",
      "integrity": "sha512-QnAHXC1nk8IXRBmO5ee9JcPiKEVeqf06tKF0bZipxlV++bwUVqvvliC3KA+beDg2lod+WXYIhHde5pQRHkUmqA==",
      "dev": true,
      "license": "ISC"
    },
    "node_modules/simple-icons": {
      "version": "16.18.1",
      "resolved": "https://registry.npmjs.org/simple-icons/-/simple-icons-16.18.1.tgz",
      "integrity": "sha512-+AS16pmdVHFdKrzYuTGfNGW6RRJ7eubpRhh2wipqPD5nglXKKIbAoEFhdxuweR1AV63+TuLXVJ+NEqlJpXXa2A==",
      "dev": true,
      "funding": [
        {
          "type": "opencollective",
          "url": "https://opencollective.com/simple-icons"
        },
        {
          "type": "github",
          "url": "https://github.com/sponsors/simple-icons"
        }
      ],
      "license": "CC0-1.0",
      "engines": {
        "node": ">=0.12.18"
      }
    },
    "node_modules/source-map": {
      "version": "0.6.1",
      "resolved": "https://registry.npmjs.org/source-map/-/source-map-0.6.1.tgz",
      "integrity": "sha512-UjgapumWlbMhkBgzT7Ykc5YXUT46F0iKu8SGXq0bcwP5dz/h0Plj6enJqjz1Zbq2l5WaqYnrVbwWOWMyF3F47g==",
      "dev": true,
      "license": "BSD-3-Clause",
      "engines": {
        "node": ">=0.10.0"
      }
    }
  }
}
